
Microsoft Visual Studio Solution File, Format Version 12.00
# Visual Studio Version 16
VisualStudioVersion = 16.0.28922.388
MinimumVisualStudioVersion = 10.0.40219.1
Project("{FAE04EC0-301F-11D3-BF4B-00C04F79EFBC}") = "BundlingMinify.Web", "BundlingMinify.Web\BundlingMinify.Web.csproj", "{A869567E-3DF9-43DA-A116-82BED36DABED}"
EndProject
Global
	GlobalSection(SolutionConfigurationPlatforms) = preSolution
		Debug|Any CPU = Debug|Any CPU
		Release|Any CPU = Release|Any CPU
	EndGlobalSection
	GlobalSection(ProjectConfigurationPlatforms) = postSolution
		{A869567E-3DF9-43DA-A116-82BED36DABED}.Debug|Any CPU.ActiveCfg = Debug|Any CPU
		{A869567E-3DF9-43DA-A116-82BED36DABED}.Debug|Any CPU.Build.0 = Debug|Any CPU
		{A869567E-3DF9-43DA-A116-82BED36DABED}.Release|Any CPU.ActiveCfg = Release|Any CPU
		{A869567E-3DF9-43DA-A116-82BED36DABED}.Release|Any CPU.Build.0 = Release|Any CPU
	EndGlobalSection
	GlobalSection(SolutionProperties) = preSolution
		HideSolutionNode = FALSE
	EndGlobalSection
	GlobalSection(ExtensibilityGlobals) = postSolution
		SolutionGuid = {475F5E44-29CC-4982-BBEF-53A618023F0B}
	EndGlobalSection
EndGlobal
